
Microsoft Visual Studio Solution File, Format Version 12.00
# Visual Studio Version 17
VisualStudioVersion = 17.8.34330.188
MinimumVisualStudioVersion = 10.0.40219.1
Project("{FAE04EC0-301F-11D3-BF4B-00C04F79EFBC}") = "PZBridge", "PZBridge.csproj", "{9458D9C9-818A-4665-9781-4A667FE67BC2}"
EndProject
Global
	GlobalSection(SolutionConfigurationPlatforms) = preSolution
		Debug|Any CPU = Debug|Any CPU
		Release|Any CPU = Release|Any CPU
	EndGlobalSection
	GlobalSection(ProjectConfigurationPlatforms) = postSolution
		{9458D9C9-818A-4665-9781-4A667FE67BC2}.Debug|Any CPU.ActiveCfg = Debug|Any CPU
		{9458D9C9-818A-4665-9781-4A667FE67BC2}.Debug|Any CPU.Build.0 = Debug|Any CPU
		{9458D9C9-818A-4665-9781-4A667FE67BC2}.Release|Any CPU.ActiveCfg = Release|Any CPU
		{9458D9C9-818A-4665-9781-4A667FE67BC2}.Release|Any CPU.Build.0 = Release|Any CPU
	EndGlobalSection
	GlobalSection(SolutionProperties) = preSolution
		HideSolutionNode = FALSE
	EndGlobalSection
	GlobalSection(ExtensibilityGlobals) = postSolution
		SolutionGuid = {5DD09121-BA1E-4A88-9682-2E31A485A121}
	EndGlobalSection
EndGlobal
